// !$*UTF8*$!
{
	archiveVersion = 1;
	classes = {
	};
	objectVersion = 50;
	objects = {

/* Begin PBXBuildFile section */
		5383D3FE208EECC000D857E5 /* Player.swift in Sources */ = {isa = PBXBuildFile; fileRef = 5383D3FD208EECC000D857E5 /* Player.swift */; };
		53A6D7AD2089AB2E00509028 /* PassCode.jpeg in Resources */ = {isa = PBXBuildFile; fileRef = 53A6D7AC2089AB2E00509028 /* PassCode.jpeg */; };
		53A6D7B12089ACA400509028 /* ロゴ.png in Resources */ = {isa = PBXBuildFile; fileRef = 53A6D7B02089ACA400509028 /* ロゴ.png */; };
		53A6D7B32089AEB500509028 /* バナー　名前.gif in Resources */ = {isa = PBXBuildFile; fileRef = 53A6D7B22089AEB500509028 /* バナー　名前.gif */; };
		53A6D7B52089B49D00509028 /* LubbyViewController.swift in Sources */ = {isa = PBXBuildFile; fileRef = 53A6D7B42089B49D00509028 /* LubbyViewController.swift */; };
		53A6D7BF2089C08700509028 /* iPhone壁紙　黒.jpg in Resources */ = {isa = PBXBuildFile; fileRef = 53A6D7BE2089C08600509028 /* iPhone壁紙　黒.jpg */; };
		53A6D7C32089C69500509028 /* CameraViewController.swift in Sources */ = {isa = PBXBuildFile; fileRef = 53A6D7C22089C69500509028 /* CameraViewController.swift */; };
		53A6D7C7208A37C700509028 /* LiveViewController.swift in Sources */ = {isa = PBXBuildFile; fileRef = 53A6D7C6208A37C700509028 /* LiveViewController.swift */; };
		53F3EA232095A8040055C5F7 /* ninchiViewController.swift in Sources */ = {isa = PBXBuildFile; fileRef = 53F3EA222095A8040055C5F7 /* ninchiViewController.swift */; };
		53F3EA292096120F0055C5F7 /* ひなちゃん.png in Resources */ = {isa = PBXBuildFile; fileRef = 53F3EA252096120E0055C5F7 /* ひなちゃん.png */; };
		53F3EA2A2096120F0055C5F7 /* かっぴ.png in Resources */ = {isa = PBXBuildFile; fileRef = 53F3EA262096120E0055C5F7 /* かっぴ.png */; };
		53F3EA2B2096120F0055C5F7 /* ちーゆな.png in Resources */ = {isa = PBXBuildFile; fileRef = 53F3EA272096120F0055C5F7 /* ちーゆな.png */; };
		53F3EA2D209619510055C5F7 /* やちい.png in Resources */ = {isa = PBXBuildFile; fileRef = 53F3EA2C209619510055C5F7 /* やちい.png */; };
		53F3EA3B20A13E5C0055C5F7 /* 大上陽奈子.png in Resources */ = {isa = PBXBuildFile; fileRef = 53F3EA3A20A13E5C0055C5F7 /* 大上陽奈子.png */; };
		53F3EA3D20A13E680055C5F7 /* 南菜生.png in Resources */ = {isa = PBXBuildFile; fileRef = 53F3EA3C20A13E680055C5F7 /* 南菜生.png */; };
		53F3EA4020A13E730055C5F7 /* 高嶋楓.png in Resources */ = {isa = PBXBuildFile; fileRef = 53F3EA3E20A13E730055C5F7 /* 高嶋楓.png */; };
		53F3EA4120A13E730055C5F7 /* 今田夢菜.png in Resources */ = {isa = PBXBuildFile; fileRef = 53F3EA3F20A13E730055C5F7 /* 今田夢菜.png */; };
		53F3EA4520A73B8B0055C5F7 /* PassCodeUtil.swift in Sources */ = {isa = PBXBuildFile; fileRef = 53F3EA4420A73B8B0055C5F7 /* PassCodeUtil.swift */; };
		53F3EA4720A810A10055C5F7 /* TitleViewController.swift in Sources */ = {isa = PBXBuildFile; fileRef = 53F3EA4620A810A10055C5F7 /* TitleViewController.swift */; };
		53F3EA4920A817710055C5F7 /* ペンライト黄.png in Resources */ = {isa = PBXBuildFile; fileRef = 53F3EA4820A817700055C5F7 /* ペンライト黄.png */; };
		53F3EA5020A818830055C5F7 /* ペンライト青.png in Resources */ = {isa = PBXBuildFile; fileRef = 53F3EA4E20A818820055C5F7 /* ペンライト青.png */; };
		53F3EA5120A818830055C5F7 /* ペンライト赤.png in Resources */ = {isa = PBXBuildFile; fileRef = 53F3EA4F20A818830055C5F7 /* ペンライト赤.png */; };
		53F3EA5520A8292C0055C5F7 /* 黄.png in Resources */ = {isa = PBXBuildFile; fileRef = 53F3EA5220A8292B0055C5F7 /* 黄.png */; };
		53F3EA5620A8292C0055C5F7 /* 青.png in Resources */ = {isa = PBXBuildFile; fileRef = 53F3EA5320A8292C0055C5F7 /* 青.png */; };
		53F3EA5720A8292C0055C5F7 /* 赤.png in Resources */ = {isa = PBXBuildFile; fileRef = 53F3EA5420A8292C0055C5F7 /* 赤.png */; };
		53F7D72E208CCFDA0070988E /* チェキ.png in Resources */ = {isa = PBXBuildFile; fileRef = 53F7D72D208CCFDA0070988E /* チェキ.png */; };
		53F7D730208CD0BB0070988E /* カメラ.jpg in Resources */ = {isa = PBXBuildFile; fileRef = 53F7D72F208CD0BB0070988E /* カメラ.jpg */; };
		53F7D734208CDF960070988E /* LIVE風景.jpg in Resources */ = {isa = PBXBuildFile; fileRef = 53F7D733208CDF940070988E /* LIVE風景.jpg */; };
		53F7D738208CE88B0070988E /* Re_cybernetic_Free_BGM_ver.mp3 in Resources */ = {isa = PBXBuildFile; fileRef = 53F7D737208CE88B0070988E /* Re_cybernetic_Free_BGM_ver.mp3 */; };
		53FCF85920834562004FE336 /* AppDelegate.swift in Sources */ = {isa = PBXBuildFile; fileRef = 53FCF85820834562004FE336 /* AppDelegate.swift */; };
		53FCF85B20834562004FE336 /* ViewController.swift in Sources */ = {isa = PBXBuildFile; fileRef = 53FCF85A20834562004FE336 /* ViewController.swift */; };
		53FCF85E20834562004FE336 /* Main.storyboard in Resources */ = {isa = PBXBuildFile; fileRef = 53FCF85C20834562004FE336 /* Main.storyboard */; };
		53FCF86020834564004FE336 /* Assets.xcassets in Resources */ = {isa = PBXBuildFile; fileRef = 53FCF85F20834564004FE336 /* Assets.xcassets */; };
		53FCF86320834564004FE336 /* LaunchScreen.storyboard in Resources */ = {isa = PBXBuildFile; fileRef = 53FCF86120834564004FE336 /* LaunchScreen.storyboard */; };
/* End PBXBuildFile section */

/* Begin PBXFileReference section */
		5383D3FD208EECC000D857E5 /* Player.swift */ = {isa = PBXFileReference; lastKnownFileType = sourcecode.swift; path = Player.swift; sourceTree = "<group>"; };
		53A6D7AC2089AB2E00509028 /* PassCode.jpeg */ = {isa = PBXFileReference; lastKnownFileType = image.jpeg; name = PassCode.jpeg; path = "画像/PassCode.jpeg"; sourceTree = SOURCE_ROOT; };
		53A6D7B02089ACA400509028 /* ロゴ.png */ = {isa = PBXFileReference; lastKnownFileType = image.png; name = "ロゴ.png"; path = "画像/ロゴ.png"; sourceTree = SOURCE_ROOT; };
		53A6D7B22089AEB500509028 /* バナー　名前.gif */ = {isa = PBXFileReference; lastKnownFileType = image.gif; name = "バナー　名前.gif"; path = "画像/バナー　名前.gif"; sourceTree = SOURCE_ROOT; };
		53A6D7B42089B49D00509028 /* LubbyViewController.swift */ = {isa = PBXFileReference; lastKnownFileType = sourcecode.swift; path = LubbyViewController.swift; sourceTree = "<group>"; };
		53A6D7BE2089C08600509028 /* iPhone壁紙　黒.jpg */ = {isa = PBXFileReference; lastKnownFileType = image.jpeg; name = "iPhone壁紙　黒.jpg"; path = "画像/iPhone壁紙　黒.jpg"; sourceTree = SOURCE_ROOT; };
		53A6D7C22089C69500509028 /* CameraViewController.swift */ = {isa = PBXFileReference; lastKnownFileType = sourcecode.swift; path = CameraViewController.swift; sourceTree = "<group>"; };
		53A6D7C6208A37C700509028 /* LiveViewController.swift */ = {isa = PBXFileReference; lastKnownFileType = sourcecode.swift; path = LiveViewController.swift; sourceTree = "<group>"; };
		53F3EA222095A8040055C5F7 /* ninchiViewController.swift */ = {isa = PBXFileReference; lastKnownFileType = sourcecode.swift; path = ninchiViewController.swift; sourceTree = "<group>"; };
		53F3EA252096120E0055C5F7 /* ひなちゃん.png */ = {isa = PBXFileReference; lastKnownFileType = image.png; path = "ひなちゃん.png"; sourceTree = "<group>"; };
		53F3EA262096120E0055C5F7 /* かっぴ.png */ = {isa = PBXFileReference; lastKnownFileType = image.png; path = "かっぴ.png"; sourceTree = "<group>"; };
		53F3EA272096120F0055C5F7 /* ちーゆな.png */ = {isa = PBXFileReference; lastKnownFileType = image.png; path = "ちーゆな.png"; sourceTree = "<group>"; };
		53F3EA2C209619510055C5F7 /* やちい.png */ = {isa = PBXFileReference; lastKnownFileType = image.png; path = "やちい.png"; sourceTree = "<group>"; };
		53F3EA3A20A13E5C0055C5F7 /* 大上陽奈子.png */ = {isa = PBXFileReference; lastKnownFileType = image.png; path = "大上陽奈子.png"; sourceTree = "<group>"; };
		53F3EA3C20A13E680055C5F7 /* 南菜生.png */ = {isa = PBXFileReference; lastKnownFileType = image.png; path = "南菜生.png"; sourceTree = "<group>"; };
		53F3EA3E20A13E730055C5F7 /* 高嶋楓.png */ = {isa = PBXFileReference; lastKnownFileType = image.png; path = "高嶋楓.png"; sourceTree = "<group>"; };
		53F3EA3F20A13E730055C5F7 /* 今田夢菜.png */ = {isa = PBXFileReference; lastKnownFileType = image.png; path = "今田夢菜.png"; sourceTree = "<group>"; };
		53F3EA4420A73B8B0055C5F7 /* PassCodeUtil.swift */ = {isa = PBXFileReference; lastKnownFileType = sourcecode.swift; path = PassCodeUtil.swift; sourceTree = "<group>"; };
		53F3EA4620A810A10055C5F7 /* TitleViewController.swift */ = {isa = PBXFileReference; lastKnownFileType = sourcecode.swift; path = TitleViewController.swift; sourceTree = "<group>"; };
		53F3EA4820A817700055C5F7 /* ペンライト黄.png */ = {isa = PBXFileReference; lastKnownFileType = image.png; name = "ペンライト黄.png"; path = "画像/ペンライト黄.png"; sourceTree = SOURCE_ROOT; };
		53F3EA4E20A818820055C5F7 /* ペンライト青.png */ = {isa = PBXFileReference; lastKnownFileType = image.png; name = "ペンライト青.png"; path = "画像/ペンライト青.png"; sourceTree = SOURCE_ROOT; };
		53F3EA4F20A818830055C5F7 /* ペンライト赤.png */ = {isa = PBXFileReference; lastKnownFileType = image.png; name = "ペンライト赤.png"; path = "画像/ペンライト赤.png"; sourceTree = SOURCE_ROOT; };
		53F3EA5220A8292B0055C5F7 /* 黄.png */ = {isa = PBXFileReference; lastKnownFileType = image.png; name = "黄.png"; path = "画像/黄.png"; sourceTree = SOURCE_ROOT; };
		53F3EA5320A8292C0055C5F7 /* 青.png */ = {isa = PBXFileReference; lastKnownFileType = image.png; name = "青.png"; path = "画像/青.png"; sourceTree = SOURCE_ROOT; };
		53F3EA5420A8292C0055C5F7 /* 赤.png */ = {isa = PBXFileReference; lastKnownFileType = image.png; name = "赤.png"; path = "画像/赤.png"; sourceTree = SOURCE_ROOT; };
		53F7D72D208CCFDA0070988E /* チェキ.png */ = {isa = PBXFileReference; lastKnownFileType = image.png; path = "チェキ.png"; sourceTree = "<group>"; };
		53F7D72F208CD0BB0070988E /* カメラ.jpg */ = {isa = PBXFileReference; lastKnownFileType = image.jpeg; path = "カメラ.jpg"; sourceTree = "<group>"; };
		53F7D733208CDF940070988E /* LIVE風景.jpg */ = {isa = PBXFileReference; lastKnownFileType = image.jpeg; path = "LIVE風景.jpg"; sourceTree = "<group>"; };
		53F7D737208CE88B0070988E /* Re_cybernetic_Free_BGM_ver.mp3 */ = {isa = PBXFileReference; lastKnownFileType = audio.mp3; path = Re_cybernetic_Free_BGM_ver.mp3; sourceTree = "<group>"; };
		53FCF85520834562004FE336 /* 強オタへの道.app */ = {isa = PBXFileReference; explicitFileType = wrapper.application; includeInIndex = 0; path = "強オタへの道.app"; sourceTree = BUILT_PRODUCTS_DIR; };
		53FCF85820834562004FE336 /* AppDelegate.swift */ = {isa = PBXFileReference; lastKnownFileType = sourcecode.swift; path = AppDelegate.swift; sourceTree = "<group>"; };
		53FCF85A20834562004FE336 /* ViewController.swift */ = {isa = PBXFileReference; lastKnownFileType = sourcecode.swift; path = ViewController.swift; sourceTree = "<group>"; };
		53FCF85D20834562004FE336 /* Base */ = {isa = PBXFileReference; lastKnownFileType = file.storyboard; name = Base; path = Base.lproj/Main.storyboard; sourceTree = "<group>"; };
		53FCF85F20834564004FE336 /* Assets.xcassets */ = {isa = PBXFileReference; lastKnownFileType = folder.assetcatalog; path = Assets.xcassets; sourceTree = "<group>"; };
		53FCF86220834564004FE336 /* Base */ = {isa = PBXFileReference; lastKnownFileType = file.storyboard; name = Base; path = Base.lproj/LaunchScreen.storyboard; sourceTree = "<group>"; };
		53FCF86420834564004FE336 /* Info.plist */ = {isa = PBXFileReference; lastKnownFileType = text.plist.xml; path = Info.plist; sourceTree = "<group>"; };
/* End PBXFileReference section */

/* Begin PBXFrameworksBuildPhase section */
		53FCF85220834562004FE336 /* Frameworks */ = {
			isa = PBXFrameworksBuildPhase;
			buildActionMask = 2147483647;
			files = (
			);
			runOnlyForDeploymentPostprocessing = 0;
		};
/* End PBXFrameworksBuildPhase section */

/* Begin PBXGroup section */
		53FCF84C20834562004FE336 = {
			isa = PBXGroup;
			children = (
				53FCF85720834562004FE336 /* 強オタへの道 */,
				53FCF85620834562004FE336 /* Products */,
			);
			sourceTree = "<group>";
		};
		53FCF85620834562004FE336 /* Products */ = {
			isa = PBXGroup;
			children = (
				53FCF85520834562004FE336 /* 強オタへの道.app */,
			);
			name = Products;
			sourceTree = "<group>";
		};
		53FCF85720834562004FE336 /* 強オタへの道 */ = {
			isa = PBXGroup;
			children = (
				53A6D7B22089AEB500509028 /* バナー　名前.gif */,
				53A6D7AC2089AB2E00509028 /* PassCode.jpeg */,
				53A6D7B02089ACA400509028 /* ロゴ.png */,
				53A6D7BE2089C08600509028 /* iPhone壁紙　黒.jpg */,
				53F7D72D208CCFDA0070988E /* チェキ.png */,
				53F7D72F208CD0BB0070988E /* カメラ.jpg */,
				53F7D733208CDF940070988E /* LIVE風景.jpg */,
				53F3EA262096120E0055C5F7 /* かっぴ.png */,
				53F3EA272096120F0055C5F7 /* ちーゆな.png */,
				53F3EA252096120E0055C5F7 /* ひなちゃん.png */,
				53F3EA2C209619510055C5F7 /* やちい.png */,
				53F3EA4820A817700055C5F7 /* ペンライト黄.png */,
				53F3EA4E20A818820055C5F7 /* ペンライト青.png */,
				53F3EA4F20A818830055C5F7 /* ペンライト赤.png */,
				53F3EA5220A8292B0055C5F7 /* 黄.png */,
				53F3EA5320A8292C0055C5F7 /* 青.png */,
				53F3EA5420A8292C0055C5F7 /* 赤.png */,
				53F3EA3A20A13E5C0055C5F7 /* 大上陽奈子.png */,
				53F3EA3C20A13E680055C5F7 /* 南菜生.png */,
				53F3EA3E20A13E730055C5F7 /* 高嶋楓.png */,
				53F3EA3F20A13E730055C5F7 /* 今田夢菜.png */,
				53F7D737208CE88B0070988E /* Re_cybernetic_Free_BGM_ver.mp3 */,
				53FCF85820834562004FE336 /* AppDelegate.swift */,
				53FCF85A20834562004FE336 /* ViewController.swift */,
				53FCF85C20834562004FE336 /* Main.storyboard */,
				53F3EA4620A810A10055C5F7 /* TitleViewController.swift */,
				53A6D7B42089B49D00509028 /* LubbyViewController.swift */,
				53A6D7C6208A37C700509028 /* LiveViewController.swift */,
				53A6D7C22089C69500509028 /* CameraViewController.swift */,
				53F3EA222095A8040055C5F7 /* ninchiViewController.swift */,
				5383D3FD208EECC000D857E5 /* Player.swift */,
				53F3EA4420A73B8B0055C5F7 /* PassCodeUtil.swift */,
				53FCF85F20834564004FE336 /* Assets.xcassets */,
				53FCF86120834564004FE336 /* LaunchScreen.storyboard */,
				53FCF86420834564004FE336 /* Info.plist */,
			);
			path = "強オタへの道";
			sourceTree = "<group>";
		};
/* End PBXGroup section */

/* Begin PBXNativeTarget section */
		53FCF85420834562004FE336 /* 強オタへの道 */ = {
			isa = PBXNativeTarget;
			buildConfigurationList = 53FCF86720834564004FE336 /* Build configuration list for PBXNativeTarget "強オタへの道" */;
			buildPhases = (
				53FCF85120834562004FE336 /* Sources */,
				53FCF85220834562004FE336 /* Frameworks */,
				53FCF85320834562004FE336 /* Resources */,
			);
			buildRules = (
			);
			dependencies = (
			);
			name = "強オタへの道";
			productName = "強オタへの道";
			productReference = 53FCF85520834562004FE336 /* 強オタへの道.app */;
			productType = "com.apple.product-type.application";
		};
/* End PBXNativeTarget section */

/* Begin PBXProject section */
		53FCF84D20834562004FE336 /* Project object */ = {
			isa = PBXProject;
			attributes = {
				LastSwiftUpdateCheck = 0930;
				LastUpgradeCheck = 0930;
				ORGANIZATIONNAME = "中山弘瑛";
				TargetAttributes = {
					53FCF85420834562004FE336 = {
						CreatedOnToolsVersion = 9.3;
					};
				};
			};
			buildConfigurationList = 53FCF85020834562004FE336 /* Build configuration list for PBXProject "強オタへの道" */;
			compatibilityVersion = "Xcode 9.3";
			developmentRegion = en;
			hasScannedForEncodings = 0;
			knownRegions = (
				en,
				Base,
			);
			mainGroup = 53FCF84C20834562004FE336;
			productRefGroup = 53FCF85620834562004FE336 /* Products */;
			projectDirPath = "";
			projectRoot = "";
			targets = (
				53FCF85420834562004FE336 /* 強オタへの道 */,
			);
		};
/* End PBXProject section */

/* Begin PBXResourcesBuildPhase section */
		53FCF85320834562004FE336 /* Resources */ = {
			isa = PBXResourcesBuildPhase;
			buildActionMask = 2147483647;
			files = (
				53FCF86320834564004FE336 /* LaunchScreen.storyboard in Resources */,
				53A6D7BF2089C08700509028 /* iPhone壁紙　黒.jpg in Resources */,
				53FCF86020834564004FE336 /* Assets.xcassets in Resources */,
				53F3EA4120A13E730055C5F7 /* 今田夢菜.png in Resources */,
				53F3EA2D209619510055C5F7 /* やちい.png in Resources */,
				53F7D72E208CCFDA0070988E /* チェキ.png in Resources */,
				53F7D738208CE88B0070988E /* Re_cybernetic_Free_BGM_ver.mp3 in Resources */,
				53F3EA3D20A13E680055C5F7 /* 南菜生.png in Resources */,
				53F3EA5120A818830055C5F7 /* ペンライト赤.png in Resources */,
				53F3EA292096120F0055C5F7 /* ひなちゃん.png in Resources */,
				53F3EA4020A13E730055C5F7 /* 高嶋楓.png in Resources */,
				53A6D7B12089ACA400509028 /* ロゴ.png in Resources */,
				53F3EA5720A8292C0055C5F7 /* 赤.png in Resources */,
				53F7D734208CDF960070988E /* LIVE風景.jpg in Resources */,
				53F3EA5020A818830055C5F7 /* ペンライト青.png in Resources */,
				53F3EA2B2096120F0055C5F7 /* ちーゆな.png in Resources */,
				53F7D730208CD0BB0070988E /* カメラ.jpg in Resources */,
				53F3EA2A2096120F0055C5F7 /* かっぴ.png in Resources */,
				53F3EA5520A8292C0055C5F7 /* 黄.png in Resources */,
				53F3EA5620A8292C0055C5F7 /* 青.png in Resources */,
				53FCF85E20834562004FE336 /* Main.storyboard in Resources */,
				53F3EA4920A817710055C5F7 /* ペンライト黄.png in Resources */,
				53A6D7AD2089AB2E00509028 /* PassCode.jpeg in Resources */,
				53A6D7B32089AEB500509028 /* バナー　名前.gif in Resources */,
				53F3EA3B20A13E5C0055C5F7 /* 大上陽奈子.png in Resources */,
			);
			runOnlyForDeploymentPostprocessing = 0;
		};
/* End PBXResourcesBuildPhase section */

/* Begin PBXSourcesBuildPhase section */
		53FCF85120834562004FE336 /* Sources */ = {
			isa = PBXSourcesBuildPhase;
			buildActionMask = 2147483647;
			files = (
				53A6D7C32089C69500509028 /* CameraViewController.swift in Sources */,
				53FCF85B20834562004FE336 /* ViewController.swift in Sources */,
				53A6D7B52089B49D00509028 /* LubbyViewController.swift in Sources */,
				53F3EA232095A8040055C5F7 /* ninchiViewController.swift in Sources */,
				53FCF85920834562004FE336 /* AppDelegate.swift in Sources */,
				53F3EA4720A810A10055C5F7 /* TitleViewController.swift in Sources */,
				53F3EA4520A73B8B0055C5F7 /* PassCodeUtil.swift in Sources */,
				5383D3FE208EECC000D857E5 /* Player.swift in Sources */,
				53A6D7C7208A37C700509028 /* LiveViewController.swift in Sources */,
			);
			runOnlyForDeploymentPostprocessing = 0;
		};
/* End PBXSourcesBuildPhase section */

/* Begin PBXVariantGroup section */
		53FCF85C20834562004FE336 /* Main.storyboard */ = {
			isa = PBXVariantGroup;
			children = (
				53FCF85D20834562004FE336 /* Base */,
			);
			name = Main.storyboard;
			sourceTree = "<group>";
		};
		53FCF86120834564004FE336 /* LaunchScreen.storyboard */ = {
			isa = PBXVariantGroup;
			children = (
				53FCF86220834564004FE336 /* Base */,
			);
			name = LaunchScreen.storyboard;
			sourceTree = "<group>";
		};
/* End PBXVariantGroup section */

/* Begin XCBuildConfiguration section */
		53FCF86520834564004FE336 /* Debug */ = {
			isa = XCBuildConfiguration;
			buildSettings = {
				ALWAYS_SEARCH_USER_PATHS = NO;
				CLANG_ANALYZER_NONNULL = YES;
				CLANG_ANALYZER_NUMBER_OBJECT_CONVERSION = YES_AGGRESSIVE;
				CLANG_CXX_LANGUAGE_STANDARD = "gnu++14";
				CLANG_CXX_LIBRARY = "libc++";
				CLANG_ENABLE_MODULES = YES;
				CLANG_ENABLE_OBJC_ARC = YES;
				CLANG_ENABLE_OBJC_WEAK = YES;
				CLANG_WARN_BLOCK_CAPTURE_AUTORELEASING = YES;
				CLANG_WARN_BOOL_CONVERSION = YES;
				CLANG_WARN_COMMA = YES;
				CLANG_WARN_CONSTANT_CONVERSION = YES;
				CLANG_WARN_DEPRECATED_OBJC_IMPLEMENTATIONS = YES;
				CLANG_WARN_DIRECT_OBJC_ISA_USAGE = YES_ERROR;
				CLANG_WARN_DOCUMENTATION_COMMENTS = YES;
				CLANG_WARN_EMPTY_BODY = YES;
				CLANG_WARN_ENUM_CONVERSION = YES;
				CLANG_WARN_INFINITE_RECURSION = YES;
				CLANG_WARN_INT_CONVERSION = YES;
				CLANG_WARN_NON_LITERAL_NULL_CONVERSION = YES;
				CLANG_WARN_OBJC_IMPLICIT_RETAIN_SELF = YES;
				CLANG_WARN_OBJC_LITERAL_CONVERSION = YES;
				CLANG_WARN_OBJC_ROOT_CLASS = YES_ERROR;
				CLANG_WARN_RANGE_LOOP_ANALYSIS = YES;
				CLANG_WARN_STRICT_PROTOTYPES = YES;
				CLANG_WARN_SUSPICIOUS_MOVE = YES;
				CLANG_WARN_UNGUARDED_AVAILABILITY = YES_AGGRESSIVE;
				CLANG_WARN_UNREACHABLE_CODE = YES;
				CLANG_WARN__DUPLICATE_METHOD_MATCH = YES;
				CODE_SIGN_IDENTITY = "iPhone Developer";
				COPY_PHASE_STRIP = NO;
				DEBUG_INFORMATION_FORMAT = dwarf;
				ENABLE_STRICT_OBJC_MSGSEND = YES;
				ENABLE_TESTABILITY = YES;
				GCC_C_LANGUAGE_STANDARD = gnu11;
				GCC_DYNAMIC_NO_PIC = NO;
				GCC_NO_COMMON_BLOCKS = YES;
				GCC_OPTIMIZATION_LEVEL = 0;
				GCC_PREPROCESSOR_DEFINITIONS = (
					"DEBUG=1",
					"$(inherited)",
				);
				GCC_WARN_64_TO_32_BIT_CONVERSION = YES;
				GCC_WARN_ABOUT_RETURN_TYPE = YES_ERROR;
				GCC_WARN_UNDECLARED_SELECTOR = YES;
				GCC_WARN_UNINITIALIZED_AUTOS = YES_AGGRESSIVE;
				GCC_WARN_UNUSED_FUNCTION = YES;
				GCC_WARN_UNUSED_VARIABLE = YES;
				IPHONEOS_DEPLOYMENT_TARGET = 11.3;
				MTL_ENABLE_DEBUG_INFO = YES;
				ONLY_ACTIVE_ARCH = YES;
				SDKROOT = iphoneos;
				SWIFT_ACTIVE_COMPILATION_CONDITIONS = DEBUG;
				SWIFT_OPTIMIZATION_LEVEL = "-Onone";
			};
			name = Debug;
		};
		53FCF86620834564004FE336 /* Release */ = {
			isa = XCBuildConfiguration;
			buildSettings = {
				ALWAYS_SEARCH_USER_PATHS = NO;
				CLANG_ANALYZER_NONNULL = YES;
				CLANG_ANALYZER_NUMBER_OBJECT_CONVERSION = YES_AGGRESSIVE;
				CLANG_CXX_LANGUAGE_STANDARD = "gnu++14";
				CLANG_CXX_LIBRARY = "libc++";
				CLANG_ENABLE_MODULES = YES;
				CLANG_ENABLE_OBJC_ARC = YES;
				CLANG_ENABLE_OBJC_WEAK = YES;
				CLANG_WARN_BLOCK_CAPTURE_AUTORELEASING = YES;
				CLANG_WARN_BOOL_CONVERSION = YES;
				CLANG_WARN_COMMA = YES;
				CLANG_WARN_CONSTANT_CONVERSION = YES;
				CLANG_WARN_DEPRECATED_OBJC_IMPLEMENTATIONS = YES;
				CLANG_WARN_DIRECT_OBJC_ISA_USAGE = YES_ERROR;
				CLANG_WARN_DOCUMENTATION_COMMENTS = YES;
				CLANG_WARN_EMPTY_BODY = YES;
				CLANG_WARN_ENUM_CONVERSION = YES;
				CLANG_WARN_INFINITE_RECURSION = YES;
				CLANG_WARN_INT_CONVERSION = YES;
				CLANG_WARN_NON_LITERAL_NULL_CONVERSION = YES;
				CLANG_WARN_OBJC_IMPLICIT_RETAIN_SELF = YES;
				CLANG_WARN_OBJC_LITERAL_CONVERSION = YES;
				CLANG_WARN_OBJC_ROOT_CLASS = YES_ERROR;
				CLANG_WARN_RANGE_LOOP_ANALYSIS = YES;
				CLANG_WARN_STRICT_PROTOTYPES = YES;
				CLANG_WARN_SUSPICIOUS_MOVE = YES;
				CLANG_WARN_UNGUARDED_AVAILABILITY = YES_AGGRESSIVE;
				CLANG_WARN_UNREACHABLE_CODE = YES;
				CLANG_WARN__DUPLICATE_METHOD_MATCH = YES;
				CODE_SIGN_IDENTITY = "iPhone Developer";
				COPY_PHASE_STRIP = NO;
				DEBUG_INFORMATION_FORMAT = "dwarf-with-dsym";
				ENABLE_NS_ASSERTIONS = NO;
				ENABLE_STRICT_OBJC_MSGSEND = YES;
				GCC_C_LANGUAGE_STANDARD = gnu11;
				GCC_NO_COMMON_BLOCKS = YES;
				GCC_WARN_64_TO_32_BIT_CONVERSION = YES;
				GCC_WARN_ABOUT_RETURN_TYPE = YES_ERROR;
				GCC_WARN_UNDECLARED_SELECTOR = YES;
				GCC_WARN_UNINITIALIZED_AUTOS = YES_AGGRESSIVE;
				GCC_WARN_UNUSED_FUNCTION = YES;
				GCC_WARN_UNUSED_VARIABLE = YES;
				IPHONEOS_DEPLOYMENT_TARGET = 11.3;
				MTL_ENABLE_DEBUG_INFO = NO;
				SDKROOT = iphoneos;
				SWIFT_COMPILATION_MODE = wholemodule;
				SWIFT_OPTIMIZATION_LEVEL = "-O";
				VALIDATE_PRODUCT = YES;
			};
			name = Release;
		};
		53FCF86820834564004FE336 /* Debug */ = {
			isa = XCBuildConfiguration;
			buildSettings = {
				CODE_SIGN_STYLE = Automatic;
				INFOPLIST_FILE = "強オタへの道/Info.plist";
				LD_RUNPATH_SEARCH_PATHS = (
					"$(inherited)",
					"@executable_path/Frameworks",
				);
				PRODUCT_BUNDLE_IDENTIFIER = "com.litech.------";
				PRODUCT_NAME = "$(TARGET_NAME)";
				SWIFT_VERSION = 4.0;
				TARGETED_DEVICE_FAMILY = "1,2";
			};
			name = Debug;
		};
		53FCF86920834564004FE336 /* Release */ = {
			isa = XCBuildConfiguration;
			buildSettings = {
				CODE_SIGN_STYLE = Automatic;
				INFOPLIST_FILE = "強オタへの道/Info.plist";
				LD_RUNPATH_SEARCH_PATHS = (
					"$(inherited)",
					"@executable_path/Frameworks",
				);
				PRODUCT_BUNDLE_IDENTIFIER = "com.litech.------";
				PRODUCT_NAME = "$(TARGET_NAME)";
				SWIFT_VERSION = 4.0;
				TARGETED_DEVICE_FAMILY = "1,2";
			};
			name = Release;
		};
/* End XCBuildConfiguration section */

/* Begin XCConfigurationList section */
		53FCF85020834562004FE336 /* Build configuration list for PBXProject "強オタへの道" */ = {
			isa = XCConfigurationList;
			buildConfigurations = (
				53FCF86520834564004FE336 /* Debug */,
				53FCF86620834564004FE336 /* Release */,
			);
			defaultConfigurationIsVisible = 0;
			defaultConfigurationName = Release;
		};
		53FCF86720834564004FE336 /* Build configuration list for PBXNativeTarget "強オタへの道" */ = {
			isa = XCConfigurationList;
			buildConfigurations = (
				53FCF86820834564004FE336 /* Debug */,
				53FCF86920834564004FE336 /* Release */,
			);
			defaultConfigurationIsVisible = 0;
			defaultConfigurationName = Release;
		};
/* End XCConfigurationList section */
	};
	rootObject = 53FCF84D20834562004FE336 /* Project object */;
}
